{
  "name": "era.js",
  "version": "0.1.0",
  "lockfileVersion": 1,
  "requires": true,
  "dependencies": {
    "electron-prebuilt-compile": {
      "version": "2.0.3",
      "resolved": "http://registry.npm.taobao.org/electron-prebuilt-compile/download/electron-prebuilt-compile-2.0.3.tgz",
      "dev": true,
      "dependencies": {
        "babel-plugin-array-includes": {
          "version": "http://registry.npm.taobao.org/babel-plugin-array-includes/download/babel-plugin-array-includes-2.0.3.tgz",
          "bundled": true
        },
        "babel-plugin-transform-async-to-generator": {
          "version": "http://registry.npm.taobao.org/babel-plugin-transform-async-to-generator/download/babel-plugin-transform-async-to-generator-6.24.1.tgz",
          "bundled": true,
          "dependencies": {
            "babel-helper-remap-async-to-generator": {
              "version": "http://registry.npm.taobao.org/babel-helper-remap-async-to-generator/download/babel-helper-remap-async-to-generator-6.24.1.tgz",
              "bundled": true
            },
            "babel-plugin-syntax-async-functions": {
              "version": "http://registry.npm.taobao.org/babel-plugin-syntax-async-functions/download/babel-plugin-syntax-async-functions-6.13.0.tgz",
              "bundled": true
            },
            "babel-runtime": {
              "version": "http://registry.npm.taobao.org/babel-runtime/download/babel-runtime-6.26.0.tgz",
              "bundled": true,
              "dependencies": {
                "core-js": {
                  "version": "http://registry.npm.taobao.org/core-js/download/core-js-2.5.7.tgz"
                },
                "regenerator-runtime": {
                  "version": "http://registry.npm.taobao.org/regenerator-runtime/download/regenerator-runtime-0.11.1.tgz"
                }
              }
            }
          }
        },
        "babel-preset-es2016-node5": {
          "version": "http://registry.npm.taobao.org/babel-preset-es2016-node5/download/babel-preset-es2016-node5-1.1.2.tgz",
          "bundled": true,
          "dependencies": {
            "babel-plugin-syntax-async-functions": {
              "version": "http://registry.npm.taobao.org/babel-plugin-syntax-async-functions/download/babel-plugin-syntax-async-functions-6.13.0.tgz",
              "bundled": true
            },
            "babel-plugin-syntax-async-generators": {
              "version": "http://registry.npm.taobao.org/babel-plugin-syntax-async-generators/download/babel-plugin-syntax-async-generators-6.13.0.tgz",
              "bundled": true
            },
            "babel-plugin-transform-async-to-generator": {
              "version": "http://registry.npm.taobao.org/babel-plugin-transform-async-to-generator/download/babel-plugin-transform-async-to-generator-6.24.1.tgz",
              "bundled": true,
              "dependencies": {
                "babel-helper-remap-async-to-generator": {
                  "version": "http://registry.npm.taobao.org/babel-helper-remap-async-to-generator/download/babel-helper-remap-async-to-generator-6.24.1.tgz",
                  "bundled": true
                },
                "babel-plugin-syntax-async-functions": {
                  "version": "http://registry.npm.taobao.org/babel-plugin-syntax-async-functions/download/babel-plugin-syntax-async-functions-6.13.0.tgz",
                  "bundled": true
                },
                "babel-runtime": {
                  "version": "http://registry.npm.taobao.org/babel-runtime/download/babel-runtime-6.26.0.tgz",
                  "bundled": true,
                  "dependencies": {}
                }
              }
            },
            "babel-plugin-transform-es2015-destructuring": {
              "version": "http://registry.npm.taobao.org/babel-plugin-transform-es2015-destructuring/download/babel-plugin-transform-es2015-destructuring-6.23.0.tgz",
              "bundled": true
            },
            "babel-plugin-transform-es2015-modules-commonjs": {
              "version": "http://registry.npm.taobao.org/babel-plugin-transform-es2015-modules-commonjs/download/babel-plugin-transform-es2015-modules-commonjs-6.26.2.tgz",
              "bundled": true
            },
            "babel-plugin-transform-es2015-parameters": {
              "version": "http://registry.npm.taobao.org/babel-plugin-transform-es2015-parameters/download/babel-plugin-transform-es2015-parameters-6.24.1.tgz",
              "bundled": true,
              "dependencies": {
                "babel-helper-call-delegate": {
                  "version": "http://registry.npm.taobao.org/babel-helper-call-delegate/download/babel-helper-call-delegate-6.24.1.tgz",
                  "bundled": true
                },
                "babel-helper-get-function-arity": {
                  "version": "http://registry.npm.taobao.org/babel-helper-get-function-arity/download/babel-helper-get-function-arity-6.24.1.tgz",
                  "bundled": true,
                  "dependencies": {
                    "babel-runtime": {
                      "version": "http://registry.npm.taobao.org/babel-runtime/download/babel-runtime-6.26.0.tgz",
                      "bundled": true,
                      "dependencies": {
                        "core-js": {
                          "version": "http://registry.npm.taobao.org/core-js/download/core-js-2.5.7.tgz"
                        },
                        "regenerator-runtime": {
                          "version": "http://registry.npm.taobao.org/regenerator-runtime/download/regenerator-runtime-0.11.1.tgz"
                        }
                      }
                    },
                    "babel-types": {
                      "version": "http://registry.npm.taobao.org/babel-types/download/babel-types-6.26.0.tgz",
                      "bundled": true,
                      "dependencies": {
                        "babel-runtime": {
                          "version": "http://registry.npm.taobao.org/babel-runtime/download/babel-runtime-6.26.0.tgz",
                          "dependencies": {
                            "core-js": {
                              "version": "http://registry.npm.taobao.org/core-js/download/core-js-2.5.7.tgz"
                            },
                            "regenerator-runtime": {
                              "version": "http://registry.npm.taobao.org/regenerator-runtime/download/regenerator-runtime-0.11.1.tgz"
                            }
                          }
                        },
                        "esutils": {
                          "version": "http://registry.npm.taobao.org/esutils/download/esutils-2.0.2.tgz"
                        },
                        "lodash": {
                          "version": "http://registry.npm.taobao.org/lodash/download/lodash-4.17.10.tgz"
                        },
                        "to-fast-properties": {
                          "version": "http://registry.npm.taobao.org/to-fast-properties/download/to-fast-properties-1.0.3.tgz"
                        }
                      }
                    }
                  }
                },
                "babel-runtime": {
                  "version": "http://registry.npm.taobao.org/babel-runtime/download/babel-runtime-6.26.0.tgz",
                  "bundled": true,
                  "dependencies": {
                    "core-js": {
                      "version": "http://registry.npm.taobao.org/core-js/download/core-js-2.5.7.tgz"
                    },
                    "regenerator-runtime": {
                      "version": "http://registry.npm.taobao.org/regenerator-runtime/download/regenerator-runtime-0.11.1.tgz"
                    }
                  }
                },
                "babel-template": {
                  "version": "http://registry.npm.taobao.org/babel-template/download/babel-template-6.26.0.tgz",
                  "bundled": true,
                  "dependencies": {
                    "babel-runtime": {
                      "version": "http://registry.npm.taobao.org/babel-runtime/download/babel-runtime-6.26.0.tgz",
                      "bundled": true,
                      "dependencies": {
                        "core-js": {
                          "version": "http://registry.npm.taobao.org/core-js/download/core-js-2.5.7.tgz"
                        },
                        "regenerator-runtime": {
                          "version": "http://registry.npm.taobao.org/regenerator-runtime/download/regenerator-runtime-0.11.1.tgz"
                        }
                      }
                    },
                    "babel-traverse": {
                      "version": "http://registry.npm.taobao.org/babel-traverse/download/babel-traverse-6.26.0.tgz",
                      "bundled": true
                    },
                    "babel-types": {
                      "version": "http://registry.npm.taobao.org/babel-types/download/babel-types-6.26.0.tgz",
                      "bundled": true,
                      "dependencies": {
                        "babel-runtime": {
                          "version": "http://registry.npm.taobao.org/babel-runtime/download/babel-runtime-6.26.0.tgz",
                          "dependencies": {}
                        },
                        "esutils": {
                          "version": "http://registry.npm.taobao.org/esutils/download/esutils-2.0.2.tgz"
                        },
                        "lodash": {
                          "version": "http://registry.npm.taobao.org/lodash/download/lodash-4.17.10.tgz"
                        },
                        "to-fast-properties": {
                          "version": "http://registry.npm.taobao.org/to-fast-properties/download/to-fast-properties-1.0.3.tgz"
                        }
                      }
                    },
                    "babylon": {
                      "version": "http://registry.npm.taobao.org/babylon/download/babylon-6.18.0.tgz",
                      "bundled": true
                    },
                    "lodash": {
                      "version": "http://registry.npm.taobao.org/lodash/download/lodash-4.17.10.tgz",
                      "bundled": true
                    }
                  }
                },
                "babel-traverse": {
                  "version": "http://registry.npm.taobao.org/babel-traverse/download/babel-traverse-6.26.0.tgz",
                  "bundled": true,
                  "dependencies": {
                    "babel-code-frame": {
                      "version": "http://registry.npm.taobao.org/babel-code-frame/download/babel-code-frame-6.26.0.tgz",
                      "dependencies": {
                        "chalk": {
                          "version": "http://registry.npm.taobao.org/chalk/download/chalk-1.1.3.tgz"
                        },
                        "esutils": {
                          "version": "http://registry.npm.taobao.org/esutils/download/esutils-2.0.2.tgz"
                        },
                        "js-tokens": {
                          "version": "http://registry.npm.taobao.org/js-tokens/download/js-tokens-3.0.2.tgz"
                        }
                      }
                    },
                    "babel-messages": {
                      "version": "http://registry.npm.taobao.org/babel-messages/download/babel-messages-6.23.0.tgz",
                      "dependencies": {
                        "babel-runtime": {
                          "version": "http://registry.npm.taobao.org/babel-runtime/download/babel-runtime-6.26.0.tgz",
                          "bundled": true
                        }
                      }
                    },
                    "babel-runtime": {
                      "version": "http://registry.npm.taobao.org/babel-runtime/download/babel-runtime-6.26.0.tgz",
                      "dependencies": {
                        "core-js": {
                          "version": "http://registry.npm.taobao.org/core-js/download/core-js-2.5.7.tgz"
                        },
                        "regenerator-runtime": {
                          "version": "http://registry.npm.taobao.org/regenerator-runtime/download/regenerator-runtime-0.11.1.tgz"
                        }
                      }
                    },
                    "babel-types": {
                      "version": "http://registry.npm.taobao.org/babel-types/download/babel-types-6.26.0.tgz",
                      "dependencies": {
                        "babel-runtime": {
                          "version": "http://registry.npm.taobao.org/babel-runtime/download/babel-runtime-6.26.0.tgz",
                          "dependencies": {}
                        },
                        "esutils": {
                          "version": "http://registry.npm.taobao.org/esutils/download/esutils-2.0.2.tgz"
                        },
                        "lodash": {
                          "version": "http://registry.npm.taobao.org/lodash/download/lodash-4.17.10.tgz"
                        },
                        "to-fast-properties": {
                          "version": "http://registry.npm.taobao.org/to-fast-properties/download/to-fast-properties-1.0.3.tgz"
                        }
                      }
                    },
                    "babylon": {
                      "version": "http://registry.npm.taobao.org/babylon/download/babylon-6.18.0.tgz"
                    },
                    "debug": {
                      "version": "http://registry.npm.taobao.org/debug/download/debug-2.6.9.tgz"
                    },
                    "globals": {
                      "version": "http://registry.npm.taobao.org/globals/download/globals-9.18.0.tgz"
                    },
                    "invariant": {
                      "version": "http://registry.npm.taobao.org/invariant/download/invariant-2.2.4.tgz"
                    },
                    "lodash": {
                      "version": "http://registry.npm.taobao.org/lodash/download/lodash-4.17.10.tgz"
                    }
                  }
                },
                "babel-types": {
                  "version": "http://registry.npm.taobao.org/babel-types/download/babel-types-6.26.0.tgz",
                  "bundled": true,
                  "dependencies": {
                    "babel-runtime": {
                      "version": "http://registry.npm.taobao.org/babel-runtime/download/babel-runtime-6.26.0.tgz",
                      "dependencies": {}
                    },
                    "esutils": {
                      "version": "http://registry.npm.taobao.org/esutils/download/esutils-2.0.2.tgz"
                    },
                    "lodash": {
                      "version": "http://registry.npm.taobao.org/lodash/download/lodash-4.17.10.tgz"
                    },
                    "to-fast-properties": {
                      "version": "http://registry.npm.taobao.org/to-fast-properties/download/to-fast-properties-1.0.3.tgz"
                    }
                  }
                }
              }
            },
            "babel-plugin-transform-es2015-spread": {
              "version": "http://registry.npm.taobao.org/babel-plugin-transform-es2015-spread/download/babel-plugin-transform-es2015-spread-6.22.0.tgz",
              "bundled": true
            },
            "babel-plugin-transform-es2015-sticky-regex": {
              "version": "http://registry.npm.taobao.org/babel-plugin-transform-es2015-sticky-regex/download/babel-plugin-transform-es2015-sticky-regex-6.24.1.tgz",
              "bundled": true
            },
            "babel-plugin-transform-es2015-unicode-regex": {
              "version": "http://registry.npm.taobao.org/babel-plugin-transform-es2015-unicode-regex/download/babel-plugin-transform-es2015-unicode-regex-6.24.1.tgz",
              "bundled": true,
              "dependencies": {
                "babel-helper-regex": {
                  "version": "http://registry.npm.taobao.org/babel-helper-regex/download/babel-helper-regex-6.26.0.tgz",
                  "dependencies": {
                    "babel-runtime": {
                      "version": "http://registry.npm.taobao.org/babel-runtime/download/babel-runtime-6.26.0.tgz",
                      "dependencies": {
                        "core-js": {
                          "version": "http://registry.npm.taobao.org/core-js/download/core-js-2.5.7.tgz"
                        },
                        "regenerator-runtime": {
                          "version": "http://registry.npm.taobao.org/regenerator-runtime/download/regenerator-runtime-0.11.1.tgz"
                        }
                      }
                    },
                    "babel-types": {
                      "version": "http://registry.npm.taobao.org/babel-types/download/babel-types-6.26.0.tgz",
                      "dependencies": {
                        "babel-runtime": {
                          "version": "http://registry.npm.taobao.org/babel-runtime/download/babel-runtime-6.26.0.tgz",
                          "dependencies": {}
                        },
                        "esutils": {
                          "version": "http://registry.npm.taobao.org/esutils/download/esutils-2.0.2.tgz"
                        },
                        "lodash": {
                          "version": "http://registry.npm.taobao.org/lodash/download/lodash-4.17.10.tgz"
                        },
                        "to-fast-properties": {
                          "version": "http://registry.npm.taobao.org/to-fast-properties/download/to-fast-properties-1.0.3.tgz"
                        }
                      }
                    },
                    "lodash": {
                      "version": "http://registry.npm.taobao.org/lodash/download/lodash-4.17.10.tgz"
                    }
                  }
                },
                "babel-runtime": {
                  "version": "http://registry.npm.taobao.org/babel-runtime/download/babel-runtime-6.26.0.tgz",
                  "dependencies": {
                    "core-js": {
                      "version": "http://registry.npm.taobao.org/core-js/download/core-js-2.5.7.tgz"
                    },
                    "regenerator-runtime": {
                      "version": "http://registry.npm.taobao.org/regenerator-runtime/download/regenerator-runtime-0.11.1.tgz"
                    }
                  }
                },
                "regexpu-core": {
                  "version": "http://registry.npm.taobao.org/regexpu-core/download/regexpu-core-2.0.0.tgz"
                }
              }
            }
          }
        },
        "babel-preset-react": {
          "version": "http://registry.npm.taobao.org/babel-preset-react/download/babel-preset-react-6.24.1.tgz",
          "bundled": true
        },
        "electron": {
          "version": "http://registry.npm.taobao.org/electron/download/electron-2.0.3.tgz",
          "bundled": true
        },
        "electron-compile": {
          "version": "http://registry.npm.taobao.org/electron-compile/download/electron-compile-6.4.3.tgz",
          "bundled": true
        },
        "electron-compilers": {
          "version": "http://registry.npm.taobao.org/electron-compilers/download/electron-compilers-5.9.0.tgz",
          "bundled": true
        },
        "yargs": {
          "version": "http://registry.npm.taobao.org/yargs/download/yargs-6.6.0.tgz",
          "bundled": true
        }
      }
    }
  }
}
