{
  "name": "erajs-core",
  "version": "0.1.0",
  "lockfileVersion": 1,
  "requires": true,
  "dependencies": {
    "@types/socket.io-client": {
      "version": "1.4.32",
      "resolved": "https://registry.npm.taobao.org/@types/socket.io-client/download/@types/socket.io-client-1.4.32.tgz?cache=0&sync_timestamp=1572464515591&other_urls=https%3A%2F%2Fregistry.npm.taobao.org%2F%40types%2Fsocket.io-client%2Fdownload%2F%40types%2Fsocket.io-client-1.4.32.tgz",
      "integrity": "sha1-mIploDhsJ0scIqVTd/q2oweJrBQ=",
      "dev": true
    }
  }
}
